// !$*UTF8*$!
{
	archiveVersion = 1;
	classes = {
	};
	objectVersion = 50;
	objects = {

/* Begin PBXBuildFile section */
		28D3833D6C100E29509A4835 /* Pods_Lovers.framework in Frameworks */ = {isa = PBXBuildFile; fileRef = CCFFC860284AEC5935604DDB /* Pods_Lovers.framework */; };
		9B39076821771D2E008810DD /* AppDelegate.swift in Sources */ = {isa = PBXBuildFile; fileRef = 9B39076721771D2E008810DD /* AppDelegate.swift */; };
		9B39076A21771D2E008810DD /* ViewController.swift in Sources */ = {isa = PBXBuildFile; fileRef = 9B39076921771D2E008810DD /* ViewController.swift */; };
		9B39076D21771D2E008810DD /* Main.storyboard in Resources */ = {isa = PBXBuildFile; fileRef = 9B39076B21771D2E008810DD /* Main.storyboard */; };
		9B39076F21771D2F008810DD /* Assets.xcassets in Resources */ = {isa = PBXBuildFile; fileRef = 9B39076E21771D2F008810DD /* Assets.xcassets */; };
		9B39077221771D2F008810DD /* LaunchScreen.storyboard in Resources */ = {isa = PBXBuildFile; fileRef = 9B39077021771D2F008810DD /* LaunchScreen.storyboard */; };
		9B39077D21771D2F008810DD /* LoversTests.swift in Sources */ = {isa = PBXBuildFile; fileRef = 9B39077C21771D2F008810DD /* LoversTests.swift */; };
		9B39078821771D2F008810DD /* LoversUITests.swift in Sources */ = {isa = PBXBuildFile; fileRef = 9B39078721771D2F008810DD /* LoversUITests.swift */; };
/* End PBXBuildFile section */

/* Begin PBXContainerItemProxy section */
		9B39077921771D2F008810DD /* PBXContainerItemProxy */ = {
			isa = PBXContainerItemProxy;
			containerPortal = 9B39075C21771D2D008810DD /* Project object */;
			proxyType = 1;
			remoteGlobalIDString = 9B39076321771D2E008810DD;
			remoteInfo = Lovers;
		};
		9B39078421771D2F008810DD /* PBXContainerItemProxy */ = {
			isa = PBXContainerItemProxy;
			containerPortal = 9B39075C21771D2D008810DD /* Project object */;
			proxyType = 1;
			remoteGlobalIDString = 9B39076321771D2E008810DD;
			remoteInfo = Lovers;
		};
/* End PBXContainerItemProxy section */

/* Begin PBXFileReference section */
		3463FC45F29FA5638CE938E6 /* Pods-Lovers.debug.xcconfig */ = {isa = PBXFileReference; includeInIndex = 1; lastKnownFileType = text.xcconfig; name = "Pods-Lovers.debug.xcconfig"; path = "Pods/Target Support Files/Pods-Lovers/Pods-Lovers.debug.xcconfig"; sourceTree = "<group>"; };
		57313CACC7FE6AE1CA513D5D /* Pods-Lovers.release.xcconfig */ = {isa = PBXFileReference; includeInIndex = 1; lastKnownFileType = text.xcconfig; name = "Pods-Lovers.release.xcconfig"; path = "Pods/Target Support Files/Pods-Lovers/Pods-Lovers.release.xcconfig"; sourceTree = "<group>"; };
		9B39076421771D2E008810DD /* Lovers.app */ = {isa = PBXFileReference; explicitFileType = wrapper.application; includeInIndex = 0; path = Lovers.app; sourceTree = BUILT_PRODUCTS_DIR; };
		9B39076721771D2E008810DD /* AppDelegate.swift */ = {isa = PBXFileReference; lastKnownFileType = sourcecode.swift; path = AppDelegate.swift; sourceTree = "<group>"; };
		9B39076921771D2E008810DD /* ViewController.swift */ = {isa = PBXFileReference; lastKnownFileType = sourcecode.swift; path = ViewController.swift; sourceTree = "<group>"; };
		9B39076C21771D2E008810DD /* Base */ = {isa = PBXFileReference; lastKnownFileType = file.storyboard; name = Base; path = Base.lproj/Main.storyboard; sourceTree = "<group>"; };
		9B39076E21771D2F008810DD /* Assets.xcassets */ = {isa = PBXFileReference; lastKnownFileType = folder.assetcatalog; path = Assets.xcassets; sourceTree = "<group>"; };
		9B39077121771D2F008810DD /* Base */ = {isa = PBXFileReference; lastKnownFileType = file.storyboard; name = Base; path = Base.lproj/LaunchScreen.storyboard; sourceTree = "<group>"; };
		9B39077321771D2F008810DD /* Info.plist */ = {isa = PBXFileReference; lastKnownFileType = text.plist.xml; path = Info.plist; sourceTree = "<group>"; };
		9B39077821771D2F008810DD /* LoversTests.xctest */ = {isa = PBXFileReference; explicitFileType = wrapper.cfbundle; includeInIndex = 0; path = LoversTests.xctest; sourceTree = BUILT_PRODUCTS_DIR; };
		9B39077C21771D2F008810DD /* LoversTests.swift */ = {isa = PBXFileReference; lastKnownFileType = sourcecode.swift; path = LoversTests.swift; sourceTree = "<group>"; };
		9B39077E21771D2F008810DD /* Info.plist */ = {isa = PBXFileReference; lastKnownFileType = text.plist.xml; path = Info.plist; sourceTree = "<group>"; };
		9B39078321771D2F008810DD /* LoversUITests.xctest */ = {isa = PBXFileReference; explicitFileType = wrapper.cfbundle; includeInIndex = 0; path = LoversUITests.xctest; sourceTree = BUILT_PRODUCTS_DIR; };
		9B39078721771D2F008810DD /* LoversUITests.swift */ = {isa = PBXFileReference; lastKnownFileType = sourcecode.swift; path = LoversUITests.swift; sourceTree = "<group>"; };
		9B39078921771D2F008810DD /* Info.plist */ = {isa = PBXFileReference; lastKnownFileType = text.plist.xml; path = Info.plist; sourceTree = "<group>"; };
		CCFFC860284AEC5935604DDB /* Pods_Lovers.framework */ = {isa = PBXFileReference; explicitFileType = wrapper.framework; includeInIndex = 0; path = Pods_Lovers.framework; sourceTree = BUILT_PRODUCTS_DIR; };
/* End PBXFileReference section */

/* Begin PBXFrameworksBuildPhase section */
		9B39076121771D2E008810DD /* Frameworks */ = {
			isa = PBXFrameworksBuildPhase;
			buildActionMask = 2147483647;
			files = (
				28D3833D6C100E29509A4835 /* Pods_Lovers.framework in Frameworks */,
			);
			runOnlyForDeploymentPostprocessing = 0;
		};
		9B39077521771D2F008810DD /* Frameworks */ = {
			isa = PBXFrameworksBuildPhase;
			buildActionMask = 2147483647;
			files = (
			);
			runOnlyForDeploymentPostprocessing = 0;
		};
		9B39078021771D2F008810DD /* Frameworks */ = {
			isa = PBXFrameworksBuildPhase;
			buildActionMask = 2147483647;
			files = (
			);
			runOnlyForDeploymentPostprocessing = 0;
		};
/* End PBXFrameworksBuildPhase section */

/* Begin PBXGroup section */
		9B39075B21771D2D008810DD = {
			isa = PBXGroup;
			children = (
				9B39076621771D2E008810DD /* Lovers */,
				9B39077B21771D2F008810DD /* LoversTests */,
				9B39078621771D2F008810DD /* LoversUITests */,
				9B39076521771D2E008810DD /* Products */,
				D49FA63B6D85BBAFEA746EB6 /* Pods */,
				F99FFE5A9F2E3ABA5730C580 /* Frameworks */,
			);
			sourceTree = "<group>";
		};
		9B39076521771D2E008810DD /* Products */ = {
			isa = PBXGroup;
			children = (
				9B39076421771D2E008810DD /* Lovers.app */,
				9B39077821771D2F008810DD /* LoversTests.xctest */,
				9B39078321771D2F008810DD /* LoversUITests.xctest */,
			);
			name = Products;
			sourceTree = "<group>";
		};
		9B39076621771D2E008810DD /* Lovers */ = {
			isa = PBXGroup;
			children = (
				9B39079621771FAA008810DD /* Modules */,
				9B39079721771FC8008810DD /* Manager */,
				9B39079821771FD3008810DD /* Utils */,
				9B39079921771FDE008810DD /* Base */,
				9B39079A21771FF5008810DD /* ThirdParty */,
				9B39079B2177201C008810DD /* Define */,
				9B39079C21772026008810DD /* Resource */,
				9B39079D21772040008810DD /* Supporting Files */,
			);
			path = Lovers;
			sourceTree = "<group>";
		};
		9B39077B21771D2F008810DD /* LoversTests */ = {
			isa = PBXGroup;
			children = (
				9B39077C21771D2F008810DD /* LoversTests.swift */,
				9B39077E21771D2F008810DD /* Info.plist */,
			);
			path = LoversTests;
			sourceTree = "<group>";
		};
		9B39078621771D2F008810DD /* LoversUITests */ = {
			isa = PBXGroup;
			children = (
				9B39078721771D2F008810DD /* LoversUITests.swift */,
				9B39078921771D2F008810DD /* Info.plist */,
			);
			path = LoversUITests;
			sourceTree = "<group>";
		};
		9B39079621771FAA008810DD /* Modules */ = {
			isa = PBXGroup;
			children = (
				9B39076921771D2E008810DD /* ViewController.swift */,
				9B39079E21772167008810DD /* Home */,
				9B3907A121772239008810DD /* Square */,
				9B39079F21772174008810DD /* Message */,
				9B3907A021772187008810DD /* Mine */,
			);
			path = Modules;
			sourceTree = "<group>";
		};
		9B39079721771FC8008810DD /* Manager */ = {
			isa = PBXGroup;
			children = (
			);
			path = Manager;
			sourceTree = "<group>";
		};
		9B39079821771FD3008810DD /* Utils */ = {
			isa = PBXGroup;
			children = (
			);
			path = Utils;
			sourceTree = "<group>";
		};
		9B39079921771FDE008810DD /* Base */ = {
			isa = PBXGroup;
			children = (
			);
			path = Base;
			sourceTree = "<group>";
		};
		9B39079A21771FF5008810DD /* ThirdParty */ = {
			isa = PBXGroup;
			children = (
				9B3907A321773710008810DD /* Catagory */,
				9B3907A221773706008810DD /* Library */,
			);
			path = ThirdParty;
			sourceTree = "<group>";
		};
		9B39079B2177201C008810DD /* Define */ = {
			isa = PBXGroup;
			children = (
			);
			path = Define;
			sourceTree = "<group>";
		};
		9B39079C21772026008810DD /* Resource */ = {
			isa = PBXGroup;
			children = (
			);
			path = Resource;
			sourceTree = "<group>";
		};
		9B39079D21772040008810DD /* Supporting Files */ = {
			isa = PBXGroup;
			children = (
				9B39076721771D2E008810DD /* AppDelegate.swift */,
				9B39076B21771D2E008810DD /* Main.storyboard */,
				9B39076E21771D2F008810DD /* Assets.xcassets */,
				9B39077021771D2F008810DD /* LaunchScreen.storyboard */,
				9B39077321771D2F008810DD /* Info.plist */,
			);
			path = "Supporting Files";
			sourceTree = "<group>";
		};
		9B39079E21772167008810DD /* Home */ = {
			isa = PBXGroup;
			children = (
			);
			path = Home;
			sourceTree = "<group>";
		};
		9B39079F21772174008810DD /* Message */ = {
			isa = PBXGroup;
			children = (
			);
			path = Message;
			sourceTree = "<group>";
		};
		9B3907A021772187008810DD /* Mine */ = {
			isa = PBXGroup;
			children = (
			);
			path = Mine;
			sourceTree = "<group>";
		};
		9B3907A121772239008810DD /* Square */ = {
			isa = PBXGroup;
			children = (
			);
			path = Square;
			sourceTree = "<group>";
		};
		9B3907A221773706008810DD /* Library */ = {
			isa = PBXGroup;
			children = (
			);
			path = Library;
			sourceTree = "<group>";
		};
		9B3907A321773710008810DD /* Catagory */ = {
			isa = PBXGroup;
			children = (
			);
			path = Catagory;
			sourceTree = "<group>";
		};
		D49FA63B6D85BBAFEA746EB6 /* Pods */ = {
			isa = PBXGroup;
			children = (
				3463FC45F29FA5638CE938E6 /* Pods-Lovers.debug.xcconfig */,
				57313CACC7FE6AE1CA513D5D /* Pods-Lovers.release.xcconfig */,
			);
			name = Pods;
			sourceTree = "<group>";
		};
		F99FFE5A9F2E3ABA5730C580 /* Frameworks */ = {
			isa = PBXGroup;
			children = (
				CCFFC860284AEC5935604DDB /* Pods_Lovers.framework */,
			);
			name = Frameworks;
			sourceTree = "<group>";
		};
/* End PBXGroup section */

/* Begin PBXNativeTarget section */
		9B39076321771D2E008810DD /* Lovers */ = {
			isa = PBXNativeTarget;
			buildConfigurationList = 9B39078C21771D2F008810DD /* Build configuration list for PBXNativeTarget "Lovers" */;
			buildPhases = (
				A5C8F39AAC8444710F24228C /* [CP] Check Pods Manifest.lock */,
				9B39076021771D2E008810DD /* Sources */,
				9B39076121771D2E008810DD /* Frameworks */,
				9B39076221771D2E008810DD /* Resources */,
				B4005909C16331837BFD0C7B /* [CP] Embed Pods Frameworks */,
			);
			buildRules = (
			);
			dependencies = (
			);
			name = Lovers;
			productName = Lovers;
			productReference = 9B39076421771D2E008810DD /* Lovers.app */;
			productType = "com.apple.product-type.application";
		};
		9B39077721771D2F008810DD /* LoversTests */ = {
			isa = PBXNativeTarget;
			buildConfigurationList = 9B39078F21771D2F008810DD /* Build configuration list for PBXNativeTarget "LoversTests" */;
			buildPhases = (
				9B39077421771D2F008810DD /* Sources */,
				9B39077521771D2F008810DD /* Frameworks */,
				9B39077621771D2F008810DD /* Resources */,
			);
			buildRules = (
			);
			dependencies = (
				9B39077A21771D2F008810DD /* PBXTargetDependency */,
			);
			name = LoversTests;
			productName = LoversTests;
			productReference = 9B39077821771D2F008810DD /* LoversTests.xctest */;
			productType = "com.apple.product-type.bundle.unit-test";
		};
		9B39078221771D2F008810DD /* LoversUITests */ = {
			isa = PBXNativeTarget;
			buildConfigurationList = 9B39079221771D2F008810DD /* Build configuration list for PBXNativeTarget "LoversUITests" */;
			buildPhases = (
				9B39077F21771D2F008810DD /* Sources */,
				9B39078021771D2F008810DD /* Frameworks */,
				9B39078121771D2F008810DD /* Resources */,
			);
			buildRules = (
			);
			dependencies = (
				9B39078521771D2F008810DD /* PBXTargetDependency */,
			);
			name = LoversUITests;
			productName = LoversUITests;
			productReference = 9B39078321771D2F008810DD /* LoversUITests.xctest */;
			productType = "com.apple.product-type.bundle.ui-testing";
		};
/* End PBXNativeTarget section */

/* Begin PBXProject section */
		9B39075C21771D2D008810DD /* Project object */ = {
			isa = PBXProject;
			attributes = {
				LastSwiftUpdateCheck = 0940;
				LastUpgradeCheck = 0940;
				ORGANIZATIONNAME = Lee;
				TargetAttributes = {
					9B39076321771D2E008810DD = {
						CreatedOnToolsVersion = 9.4.1;
					};
					9B39077721771D2F008810DD = {
						CreatedOnToolsVersion = 9.4.1;
						TestTargetID = 9B39076321771D2E008810DD;
					};
					9B39078221771D2F008810DD = {
						CreatedOnToolsVersion = 9.4.1;
						TestTargetID = 9B39076321771D2E008810DD;
					};
				};
			};
			buildConfigurationList = 9B39075F21771D2D008810DD /* Build configuration list for PBXProject "Lovers" */;
			compatibilityVersion = "Xcode 9.3";
			developmentRegion = en;
			hasScannedForEncodings = 0;
			knownRegions = (
				en,
				Base,
			);
			mainGroup = 9B39075B21771D2D008810DD;
			productRefGroup = 9B39076521771D2E008810DD /* Products */;
			projectDirPath = "";
			projectRoot = "";
			targets = (
				9B39076321771D2E008810DD /* Lovers */,
				9B39077721771D2F008810DD /* LoversTests */,
				9B39078221771D2F008810DD /* LoversUITests */,
			);
		};
/* End PBXProject section */

/* Begin PBXResourcesBuildPhase section */
		9B39076221771D2E008810DD /* Resources */ = {
			isa = PBXResourcesBuildPhase;
			buildActionMask = 2147483647;
			files = (
				9B39077221771D2F008810DD /* LaunchScreen.storyboard in Resources */,
				9B39076F21771D2F008810DD /* Assets.xcassets in Resources */,
				9B39076D21771D2E008810DD /* Main.storyboard in Resources */,
			);
			runOnlyForDeploymentPostprocessing = 0;
		};
		9B39077621771D2F008810DD /* Resources */ = {
			isa = PBXResourcesBuildPhase;
			buildActionMask = 2147483647;
			files = (
			);
			runOnlyForDeploymentPostprocessing = 0;
		};
		9B39078121771D2F008810DD /* Resources */ = {
			isa = PBXResourcesBuildPhase;
			buildActionMask = 2147483647;
			files = (
			);
			runOnlyForDeploymentPostprocessing = 0;
		};
/* End PBXResourcesBuildPhase section */

/* Begin PBXShellScriptBuildPhase section */
		A5C8F39AAC8444710F24228C /* [CP] Check Pods Manifest.lock */ = {
			isa = PBXShellScriptBuildPhase;
			buildActionMask = 2147483647;
			files = (
			);
			inputFileListPaths = (
			);
			inputPaths = (
				"${PODS_PODFILE_DIR_PATH}/Podfile.lock",
				"${PODS_ROOT}/Manifest.lock",
			);
			name = "[CP] Check Pods Manifest.lock";
			outputFileListPaths = (
			);
			outputPaths = (
				"$(DERIVED_FILE_DIR)/Pods-Lovers-checkManifestLockResult.txt",
			);
			runOnlyForDeploymentPostprocessing = 0;
			shellPath = /bin/sh;
			shellScript = "diff \"${PODS_PODFILE_DIR_PATH}/Podfile.lock\" \"${PODS_ROOT}/Manifest.lock\" > /dev/null\nif [ $? != 0 ] ; then\n    # print error to STDERR\n    echo \"error: The sandbox is not in sync with the Podfile.lock. Run 'pod install' or update your CocoaPods installation.\" >&2\n    exit 1\nfi\n# This output is used by Xcode 'outputs' to avoid re-running this script phase.\necho \"SUCCESS\" > \"${SCRIPT_OUTPUT_FILE_0}\"\n";
			showEnvVarsInLog = 0;
		};
		B4005909C16331837BFD0C7B /* [CP] Embed Pods Frameworks */ = {
			isa = PBXShellScriptBuildPhase;
			buildActionMask = 2147483647;
			files = (
			);
			inputFileListPaths = (
			);
			inputPaths = (
				"${SRCROOT}/Pods/Target Support Files/Pods-Lovers/Pods-Lovers-frameworks.sh",
				"${BUILT_PRODUCTS_DIR}/Alamofire/Alamofire.framework",
				"${BUILT_PRODUCTS_DIR}/HYBUnicodeReadable/HYBUnicodeReadable.framework",
				"${BUILT_PRODUCTS_DIR}/MBProgressHUD/MBProgressHUD.framework",
				"${BUILT_PRODUCTS_DIR}/SDWebImage/SDWebImage.framework",
				"${BUILT_PRODUCTS_DIR}/SnapKit/SnapKit.framework",
				"${BUILT_PRODUCTS_DIR}/SwiftyJSON/SwiftyJSON.framework",
			);
			name = "[CP] Embed Pods Frameworks";
			outputFileListPaths = (
			);
			outputPaths = (
				"${TARGET_BUILD_DIR}/${FRAMEWORKS_FOLDER_PATH}/Alamofire.framework",
				"${TARGET_BUILD_DIR}/${FRAMEWORKS_FOLDER_PATH}/HYBUnicodeReadable.framework",
				"${TARGET_BUILD_DIR}/${FRAMEWORKS_FOLDER_PATH}/MBProgressHUD.framework",
				"${TARGET_BUILD_DIR}/${FRAMEWORKS_FOLDER_PATH}/SDWebImage.framework",
				"${TARGET_BUILD_DIR}/${FRAMEWORKS_FOLDER_PATH}/SnapKit.framework",
				"${TARGET_BUILD_DIR}/${FRAMEWORKS_FOLDER_PATH}/SwiftyJSON.framework",
			);
			runOnlyForDeploymentPostprocessing = 0;
			shellPath = /bin/sh;
			shellScript = "\"${SRCROOT}/Pods/Target Support Files/Pods-Lovers/Pods-Lovers-frameworks.sh\"\n";
			showEnvVarsInLog = 0;
		};
/* End PBXShellScriptBuildPhase section */

/* Begin PBXSourcesBuildPhase section */
		9B39076021771D2E008810DD /* Sources */ = {
			isa = PBXSourcesBuildPhase;
			buildActionMask = 2147483647;
			files = (
				9B39076A21771D2E008810DD /* ViewController.swift in Sources */,
				9B39076821771D2E008810DD /* AppDelegate.swift in Sources */,
			);
			runOnlyForDeploymentPostprocessing = 0;
		};
		9B39077421771D2F008810DD /* Sources */ = {
			isa = PBXSourcesBuildPhase;
			buildActionMask = 2147483647;
			files = (
				9B39077D21771D2F008810DD /* LoversTests.swift in Sources */,
			);
			runOnlyForDeploymentPostprocessing = 0;
		};
		9B39077F21771D2F008810DD /* Sources */ = {
			isa = PBXSourcesBuildPhase;
			buildActionMask = 2147483647;
			files = (
				9B39078821771D2F008810DD /* LoversUITests.swift in Sources */,
			);
			runOnlyForDeploymentPostprocessing = 0;
		};
/* End PBXSourcesBuildPhase section */

/* Begin PBXTargetDependency section */
		9B39077A21771D2F008810DD /* PBXTargetDependency */ = {
			isa = PBXTargetDependency;
			target = 9B39076321771D2E008810DD /* Lovers */;
			targetProxy = 9B39077921771D2F008810DD /* PBXContainerItemProxy */;
		};
		9B39078521771D2F008810DD /* PBXTargetDependency */ = {
			isa = PBXTargetDependency;
			target = 9B39076321771D2E008810DD /* Lovers */;
			targetProxy = 9B39078421771D2F008810DD /* PBXContainerItemProxy */;
		};
/* End PBXTargetDependency section */

/* Begin PBXVariantGroup section */
		9B39076B21771D2E008810DD /* Main.storyboard */ = {
			isa = PBXVariantGroup;
			children = (
				9B39076C21771D2E008810DD /* Base */,
			);
			name = Main.storyboard;
			sourceTree = "<group>";
		};
		9B39077021771D2F008810DD /* LaunchScreen.storyboard */ = {
			isa = PBXVariantGroup;
			children = (
				9B39077121771D2F008810DD /* Base */,
			);
			name = LaunchScreen.storyboard;
			sourceTree = "<group>";
		};
/* End PBXVariantGroup section */

/* Begin XCBuildConfiguration section */
		9B39078A21771D2F008810DD /* Debug */ = {
			isa = XCBuildConfiguration;
			buildSettings = {
				ALWAYS_SEARCH_USER_PATHS = NO;
				CLANG_ANALYZER_NONNULL = YES;
				CLANG_ANALYZER_NUMBER_OBJECT_CONVERSION = YES_AGGRESSIVE;
				CLANG_CXX_LANGUAGE_STANDARD = "gnu++14";
				CLANG_CXX_LIBRARY = "libc++";
				CLANG_ENABLE_MODULES = YES;
				CLANG_ENABLE_OBJC_ARC = YES;
				CLANG_ENABLE_OBJC_WEAK = YES;
				CLANG_WARN_BLOCK_CAPTURE_AUTORELEASING = YES;
				CLANG_WARN_BOOL_CONVERSION = YES;
				CLANG_WARN_COMMA = YES;
				CLANG_WARN_CONSTANT_CONVERSION = YES;
				CLANG_WARN_DEPRECATED_OBJC_IMPLEMENTATIONS = YES;
				CLANG_WARN_DIRECT_OBJC_ISA_USAGE = YES_ERROR;
				CLANG_WARN_DOCUMENTATION_COMMENTS = YES;
				CLANG_WARN_EMPTY_BODY = YES;
				CLANG_WARN_ENUM_CONVERSION = YES;
				CLANG_WARN_INFINITE_RECURSION = YES;
				CLANG_WARN_INT_CONVERSION = YES;
				CLANG_WARN_NON_LITERAL_NULL_CONVERSION = YES;
				CLANG_WARN_OBJC_IMPLICIT_RETAIN_SELF = YES;
				CLANG_WARN_OBJC_LITERAL_CONVERSION = YES;
				CLANG_WARN_OBJC_ROOT_CLASS = YES_ERROR;
				CLANG_WARN_RANGE_LOOP_ANALYSIS = YES;
				CLANG_WARN_STRICT_PROTOTYPES = YES;
				CLANG_WARN_SUSPICIOUS_MOVE = YES;
				CLANG_WARN_UNGUARDED_AVAILABILITY = YES_AGGRESSIVE;
				CLANG_WARN_UNREACHABLE_CODE = YES;
				CLANG_WARN__DUPLICATE_METHOD_MATCH = YES;
				CODE_SIGN_IDENTITY = "iPhone Developer";
				COPY_PHASE_STRIP = NO;
				DEBUG_INFORMATION_FORMAT = dwarf;
				ENABLE_STRICT_OBJC_MSGSEND = YES;
				ENABLE_TESTABILITY = YES;
				GCC_C_LANGUAGE_STANDARD = gnu11;
				GCC_DYNAMIC_NO_PIC = NO;
				GCC_NO_COMMON_BLOCKS = YES;
				GCC_OPTIMIZATION_LEVEL = 0;
				GCC_PREPROCESSOR_DEFINITIONS = (
					"DEBUG=1",
					"$(inherited)",
				);
				GCC_WARN_64_TO_32_BIT_CONVERSION = YES;
				GCC_WARN_ABOUT_RETURN_TYPE = YES_ERROR;
				GCC_WARN_UNDECLARED_SELECTOR = YES;
				GCC_WARN_UNINITIALIZED_AUTOS = YES_AGGRESSIVE;
				GCC_WARN_UNUSED_FUNCTION = YES;
				GCC_WARN_UNUSED_VARIABLE = YES;
				IPHONEOS_DEPLOYMENT_TARGET = 11.4;
				MTL_ENABLE_DEBUG_INFO = YES;
				ONLY_ACTIVE_ARCH = YES;
				SDKROOT = iphoneos;
				SWIFT_ACTIVE_COMPILATION_CONDITIONS = DEBUG;
				SWIFT_OPTIMIZATION_LEVEL = "-Onone";
			};
			name = Debug;
		};
		9B39078B21771D2F008810DD /* Release */ = {
			isa = XCBuildConfiguration;
			buildSettings = {
				ALWAYS_SEARCH_USER_PATHS = NO;
				CLANG_ANALYZER_NONNULL = YES;
				CLANG_ANALYZER_NUMBER_OBJECT_CONVERSION = YES_AGGRESSIVE;
				CLANG_CXX_LANGUAGE_STANDARD = "gnu++14";
				CLANG_CXX_LIBRARY = "libc++";
				CLANG_ENABLE_MODULES = YES;
				CLANG_ENABLE_OBJC_ARC = YES;
				CLANG_ENABLE_OBJC_WEAK = YES;
				CLANG_WARN_BLOCK_CAPTURE_AUTORELEASING = YES;
				CLANG_WARN_BOOL_CONVERSION = YES;
				CLANG_WARN_COMMA = YES;
				CLANG_WARN_CONSTANT_CONVERSION = YES;
				CLANG_WARN_DEPRECATED_OBJC_IMPLEMENTATIONS = YES;
				CLANG_WARN_DIRECT_OBJC_ISA_USAGE = YES_ERROR;
				CLANG_WARN_DOCUMENTATION_COMMENTS = YES;
				CLANG_WARN_EMPTY_BODY = YES;
				CLANG_WARN_ENUM_CONVERSION = YES;
				CLANG_WARN_INFINITE_RECURSION = YES;
				CLANG_WARN_INT_CONVERSION = YES;
				CLANG_WARN_NON_LITERAL_NULL_CONVERSION = YES;
				CLANG_WARN_OBJC_IMPLICIT_RETAIN_SELF = YES;
				CLANG_WARN_OBJC_LITERAL_CONVERSION = YES;
				CLANG_WARN_OBJC_ROOT_CLASS = YES_ERROR;
				CLANG_WARN_RANGE_LOOP_ANALYSIS = YES;
				CLANG_WARN_STRICT_PROTOTYPES = YES;
				CLANG_WARN_SUSPICIOUS_MOVE = YES;
				CLANG_WARN_UNGUARDED_AVAILABILITY = YES_AGGRESSIVE;
				CLANG_WARN_UNREACHABLE_CODE = YES;
				CLANG_WARN__DUPLICATE_METHOD_MATCH = YES;
				CODE_SIGN_IDENTITY = "iPhone Developer";
				COPY_PHASE_STRIP = NO;
				DEBUG_INFORMATION_FORMAT = "dwarf-with-dsym";
				ENABLE_NS_ASSERTIONS = NO;
				ENABLE_STRICT_OBJC_MSGSEND = YES;
				GCC_C_LANGUAGE_STANDARD = gnu11;
				GCC_NO_COMMON_BLOCKS = YES;
				GCC_WARN_64_TO_32_BIT_CONVERSION = YES;
				GCC_WARN_ABOUT_RETURN_TYPE = YES_ERROR;
				GCC_WARN_UNDECLARED_SELECTOR = YES;
				GCC_WARN_UNINITIALIZED_AUTOS = YES_AGGRESSIVE;
				GCC_WARN_UNUSED_FUNCTION = YES;
				GCC_WARN_UNUSED_VARIABLE = YES;
				IPHONEOS_DEPLOYMENT_TARGET = 11.4;
				MTL_ENABLE_DEBUG_INFO = NO;
				SDKROOT = iphoneos;
				SWIFT_COMPILATION_MODE = wholemodule;
				SWIFT_OPTIMIZATION_LEVEL = "-O";
				VALIDATE_PRODUCT = YES;
			};
			name = Release;
		};
		9B39078D21771D2F008810DD /* Debug */ = {
			isa = XCBuildConfiguration;
			baseConfigurationReference = 3463FC45F29FA5638CE938E6 /* Pods-Lovers.debug.xcconfig */;
			buildSettings = {
				ASSETCATALOG_COMPILER_APPICON_NAME = AppIcon;
				CODE_SIGN_STYLE = Automatic;
				DEVELOPMENT_TEAM = NS9DSL4TTT;
				INFOPLIST_FILE = Lovers/Info.plist;
				IPHONEOS_DEPLOYMENT_TARGET = 8.0;
				LD_RUNPATH_SEARCH_PATHS = (
					"$(inherited)",
					"@executable_path/Frameworks",
				);
				PRODUCT_BUNDLE_IDENTIFIER = com.lyl.Lovers;
				PRODUCT_NAME = "$(TARGET_NAME)";
				SWIFT_VERSION = 4.0;
				TARGETED_DEVICE_FAMILY = "1,2";
			};
			name = Debug;
		};
		9B39078E21771D2F008810DD /* Release */ = {
			isa = XCBuildConfiguration;
			baseConfigurationReference = 57313CACC7FE6AE1CA513D5D /* Pods-Lovers.release.xcconfig */;
			buildSettings = {
				ASSETCATALOG_COMPILER_APPICON_NAME = AppIcon;
				CODE_SIGN_STYLE = Automatic;
				DEVELOPMENT_TEAM = NS9DSL4TTT;
				INFOPLIST_FILE = Lovers/Info.plist;
				IPHONEOS_DEPLOYMENT_TARGET = 8.0;
				LD_RUNPATH_SEARCH_PATHS = (
					"$(inherited)",
					"@executable_path/Frameworks",
				);
				PRODUCT_BUNDLE_IDENTIFIER = com.lyl.Lovers;
				PRODUCT_NAME = "$(TARGET_NAME)";
				SWIFT_VERSION = 4.0;
				TARGETED_DEVICE_FAMILY = "1,2";
			};
			name = Release;
		};
		9B39079021771D2F008810DD /* Debug */ = {
			isa = XCBuildConfiguration;
			buildSettings = {
				ALWAYS_EMBED_SWIFT_STANDARD_LIBRARIES = YES;
				BUNDLE_LOADER = "$(TEST_HOST)";
				CODE_SIGN_STYLE = Automatic;
				DEVELOPMENT_TEAM = NS9DSL4TTT;
				INFOPLIST_FILE = LoversTests/Info.plist;
				LD_RUNPATH_SEARCH_PATHS = (
					"$(inherited)",
					"@executable_path/Frameworks",
					"@loader_path/Frameworks",
				);
				PRODUCT_BUNDLE_IDENTIFIER = com.lyl.LoversTests;
				PRODUCT_NAME = "$(TARGET_NAME)";
				SWIFT_VERSION = 4.0;
				TARGETED_DEVICE_FAMILY = "1,2";
				TEST_HOST = "$(BUILT_PRODUCTS_DIR)/Lovers.app/Lovers";
			};
			name = Debug;
		};
		9B39079121771D2F008810DD /* Release */ = {
			isa = XCBuildConfiguration;
			buildSettings = {
				ALWAYS_EMBED_SWIFT_STANDARD_LIBRARIES = YES;
				BUNDLE_LOADER = "$(TEST_HOST)";
				CODE_SIGN_STYLE = Automatic;
				DEVELOPMENT_TEAM = NS9DSL4TTT;
				INFOPLIST_FILE = LoversTests/Info.plist;
				LD_RUNPATH_SEARCH_PATHS = (
					"$(inherited)",
					"@executable_path/Frameworks",
					"@loader_path/Frameworks",
				);
				PRODUCT_BUNDLE_IDENTIFIER = com.lyl.LoversTests;
				PRODUCT_NAME = "$(TARGET_NAME)";
				SWIFT_VERSION = 4.0;
				TARGETED_DEVICE_FAMILY = "1,2";
				TEST_HOST = "$(BUILT_PRODUCTS_DIR)/Lovers.app/Lovers";
			};
			name = Release;
		};
		9B39079321771D2F008810DD /* Debug */ = {
			isa = XCBuildConfiguration;
			buildSettings = {
				ALWAYS_EMBED_SWIFT_STANDARD_LIBRARIES = YES;
				CODE_SIGN_STYLE = Automatic;
				DEVELOPMENT_TEAM = NS9DSL4TTT;
				INFOPLIST_FILE = LoversUITests/Info.plist;
				LD_RUNPATH_SEARCH_PATHS = (
					"$(inherited)",
					"@executable_path/Frameworks",
					"@loader_path/Frameworks",
				);
				PRODUCT_BUNDLE_IDENTIFIER = com.lyl.LoversUITests;
				PRODUCT_NAME = "$(TARGET_NAME)";
				SWIFT_VERSION = 4.0;
				TARGETED_DEVICE_FAMILY = "1,2";
				TEST_TARGET_NAME = Lovers;
			};
			name = Debug;
		};
		9B39079421771D2F008810DD /* Release */ = {
			isa = XCBuildConfiguration;
			buildSettings = {
				ALWAYS_EMBED_SWIFT_STANDARD_LIBRARIES = YES;
				CODE_SIGN_STYLE = Automatic;
				DEVELOPMENT_TEAM = NS9DSL4TTT;
				INFOPLIST_FILE = LoversUITests/Info.plist;
				LD_RUNPATH_SEARCH_PATHS = (
					"$(inherited)",
					"@executable_path/Frameworks",
					"@loader_path/Frameworks",
				);
				PRODUCT_BUNDLE_IDENTIFIER = com.lyl.LoversUITests;
				PRODUCT_NAME = "$(TARGET_NAME)";
				SWIFT_VERSION = 4.0;
				TARGETED_DEVICE_FAMILY = "1,2";
				TEST_TARGET_NAME = Lovers;
			};
			name = Release;
		};
/* End XCBuildConfiguration section */

/* Begin XCConfigurationList section */
		9B39075F21771D2D008810DD /* Build configuration list for PBXProject "Lovers" */ = {
			isa = XCConfigurationList;
			buildConfigurations = (
				9B39078A21771D2F008810DD /* Debug */,
				9B39078B21771D2F008810DD /* Release */,
			);
			defaultConfigurationIsVisible = 0;
			defaultConfigurationName = Release;
		};
		9B39078C21771D2F008810DD /* Build configuration list for PBXNativeTarget "Lovers" */ = {
			isa = XCConfigurationList;
			buildConfigurations = (
				9B39078D21771D2F008810DD /* Debug */,
				9B39078E21771D2F008810DD /* Release */,
			);
			defaultConfigurationIsVisible = 0;
			defaultConfigurationName = Release;
		};
		9B39078F21771D2F008810DD /* Build configuration list for PBXNativeTarget "LoversTests" */ = {
			isa = XCConfigurationList;
			buildConfigurations = (
				9B39079021771D2F008810DD /* Debug */,
				9B39079121771D2F008810DD /* Release */,
			);
			defaultConfigurationIsVisible = 0;
			defaultConfigurationName = Release;
		};
		9B39079221771D2F008810DD /* Build configuration list for PBXNativeTarget "LoversUITests" */ = {
			isa = XCConfigurationList;
			buildConfigurations = (
				9B39079321771D2F008810DD /* Debug */,
				9B39079421771D2F008810DD /* Release */,
			);
			defaultConfigurationIsVisible = 0;
			defaultConfigurationName = Release;
		};
/* End XCConfigurationList section */
	};
	rootObject = 9B39075C21771D2D008810DD /* Project object */;
}
